{
  "name": "88",
  "version": "1.0.0",
  "lockfileVersion": 3,
  "requires": true,
  "packages": {
    "": {
      "name": "88",
      "version": "1.0.0",
      "dependencies": {
        "threepipe": "^0.0.33"
      },
      "devDependencies": {
        "lightningcss": "^1.25.1",
        "vite": "^5.4.1",
        "vite-plugin-css-injected-by-js": "^3.4.0"
      }
    },
    "node_modules/@esbuild/win32-x64": {
      "version": "0.21.5",
      "cpu": [
        "x64"
      ],
      "dev": true,
      "license": "MIT",
      "optional": true,
      "os": [
        "win32"
      ],
      "engines": {
        "node": ">=12"
      }
    },
    "node_modules/@rollup/rollup-win32-x64-msvc": {
      "version": "4.24.2",
      "cpu": [
        "x64"
      ],
      "dev": true,
      "license": "MIT",
      "optional": true,
      "os": [
        "win32"
      ]
    },
    "node_modules/@tweenjs/tween.js": {
      "version": "18.6.4",
      "resolved": "https://registry.npmjs.org/@tweenjs/tween.js/-/tween.js-18.6.4.tgz",
      "integrity": "sha512-lB9lMjuqjtuJrx7/kOkqQBtllspPIN+96OvTCeJ2j5FEzinoAXTdAMFnDAQT1KVPRlnYfBrqxtqP66vDM40xxQ==",
      "license": "MIT"
    },
    "node_modules/@types/estree": {
      "version": "1.0.6",
      "dev": true,
      "license": "MIT"
    },
    "node_modules/@types/three": {
      "version": "0.153.1002",
      "resolved": "https://github.com/repalash/three-ts-types/releases/download/v0.153.1002/package.tgz",
      "integrity": "sha512-C0gfzxmzvVR0dwzBtHlgA7HoTUoLeDalMksQCgq+suzqhAfbgLVBjE641NtNiEyp1TQmEOCVfgBBzpq3AboRpg==",
      "dependencies": {
        "@tweenjs/tween.js": "~18.6.4",
        "fflate": "~0.6.9",
        "lil-gui": "~0.17.0"
      }
    },
    "node_modules/@types/webxr": {
      "version": "0.5.20",
      "resolved": "https://registry.npmjs.org/@types/webxr/-/webxr-0.5.20.tgz",
      "integrity": "sha512-JGpU6qiIJQKUuVSKx1GtQnHJGxRjtfGIhzO2ilq43VZZS//f1h1Sgexbdk+Lq+7569a6EYhOWrUpIruR/1Enmg==",
      "license": "MIT"
    },
    "node_modules/@types/wicg-file-system-access": {
      "version": "2020.9.8",
      "resolved": "https://registry.npmjs.org/@types/wicg-file-system-access/-/wicg-file-system-access-2020.9.8.tgz",
      "integrity": "sha512-ggMz8nOygG7d/stpH40WVaNvBwuyYLnrg5Mbyf6bmsj/8+gb6Ei4ZZ9/4PNpcPNTT8th9Q8sM8wYmWGjMWLX/A==",
      "license": "MIT"
    },
    "node_modules/detect-libc": {
      "version": "1.0.3",
      "dev": true,
      "license": "Apache-2.0",
      "bin": {
        "detect-libc": "bin/detect-libc.js"
      },
      "engines": {
        "node": ">=0.10"
      }
    },
    "node_modules/esbuild": {
      "version": "0.21.5",
      "dev": true,
      "hasInstallScript": true,
      "license": "MIT",
      "bin": {
        "esbuild": "bin/esbuild"
      },
      "engines": {
        "node": ">=12"
      },
      "optionalDependencies": {
        "@esbuild/aix-ppc64": "0.21.5",
        "@esbuild/android-arm": "0.21.5",
        "@esbuild/android-arm64": "0.21.5",
        "@esbuild/android-x64": "0.21.5",
        "@esbuild/darwin-arm64": "0.21.5",
        "@esbuild/darwin-x64": "0.21.5",
        "@esbuild/freebsd-arm64": "0.21.5",
        "@esbuild/freebsd-x64": "0.21.5",
        "@esbuild/linux-arm": "0.21.5",
        "@esbuild/linux-arm64": "0.21.5",
        "@esbuild/linux-ia32": "0.21.5",
        "@esbuild/linux-loong64": "0.21.5",
        "@esbuild/linux-mips64el": "0.21.5",
        "@esbuild/linux-ppc64": "0.21.5",
        "@esbuild/linux-riscv64": "0.21.5",
        "@esbuild/linux-s390x": "0.21.5",
        "@esbuild/linux-x64": "0.21.5",
        "@esbuild/netbsd-x64": "0.21.5",
        "@esbuild/openbsd-x64": "0.21.5",
        "@esbuild/sunos-x64": "0.21.5",
        "@esbuild/win32-arm64": "0.21.5",
        "@esbuild/win32-ia32": "0.21.5",
        "@esbuild/win32-x64": "0.21.5"
      }
    },
    "node_modules/fflate": {
      "version": "0.6.10",
      "resolved": "https://registry.npmjs.org/fflate/-/fflate-0.6.10.tgz",
      "integrity": "sha512-IQrh3lEPM93wVCEczc9SaAOvkmcoQn/G8Bo1e8ZPlY3X3bnAxWaBdvTdvM1hP62iZp0BXWDy4vTAy4fF0+Dlpg==",
      "license": "MIT"
    },
    "node_modules/lightningcss": {
      "version": "1.27.0",
      "dev": true,
      "license": "MPL-2.0",
      "dependencies": {
        "detect-libc": "^1.0.3"
      },
      "engines": {
        "node": ">= 12.0.0"
      },
      "funding": {
        "type": "opencollective",
        "url": "https://opencollective.com/parcel"
      },
      "optionalDependencies": {
        "lightningcss-darwin-arm64": "1.27.0",
        "lightningcss-darwin-x64": "1.27.0",
        "lightningcss-freebsd-x64": "1.27.0",
        "lightningcss-linux-arm-gnueabihf": "1.27.0",
        "lightningcss-linux-arm64-gnu": "1.27.0",
        "lightningcss-linux-arm64-musl": "1.27.0",
        "lightningcss-linux-x64-gnu": "1.27.0",
        "lightningcss-linux-x64-musl": "1.27.0",
        "lightningcss-win32-arm64-msvc": "1.27.0",
        "lightningcss-win32-x64-msvc": "1.27.0"
      }
    },
    "node_modules/lightningcss-win32-x64-msvc": {
      "version": "1.27.0",
      "cpu": [
        "x64"
      ],
      "dev": true,
      "license": "MPL-2.0",
      "optional": true,
      "os": [
        "win32"
      ],
      "engines": {
        "node": ">= 12.0.0"
      },
      "funding": {
        "type": "opencollective",
        "url": "https://opencollective.com/parcel"
      }
    },
    "node_modules/lil-gui": {
      "version": "0.17.0",
      "resolved": "https://registry.npmjs.org/lil-gui/-/lil-gui-0.17.0.tgz",
      "integrity": "sha512-MVBHmgY+uEbmJNApAaPbtvNh1RCAeMnKym82SBjtp5rODTYKWtM+MXHCifLe2H2Ti1HuBGBtK/5SyG4ShQ3pUQ==",
      "license": "MIT"
    },
    "node_modules/nanoid": {
      "version": "3.3.7",
      "dev": true,
      "funding": [
        {
          "type": "github",
          "url": "https://github.com/sponsors/ai"
        }
      ],
      "license": "MIT",
      "bin": {
        "nanoid": "bin/nanoid.cjs"
      },
      "engines": {
        "node": "^10 || ^12 || ^13.7 || ^14 || >=15.0.1"
      }
    },
    "node_modules/picocolors": {
      "version": "1.1.1",
      "dev": true,
      "license": "ISC"
    },
    "node_modules/postcss": {
      "version": "8.4.47",
      "dev": true,
      "funding": [
        {
          "type": "opencollective",
          "url": "https://opencollective.com/postcss/"
        },
        {
          "type": "tidelift",
          "url": "https://tidelift.com/funding/github/npm/postcss"
        },
        {
          "type": "github",
          "url": "https://github.com/sponsors/ai"
        }
      ],
      "license": "MIT",
      "dependencies": {
        "nanoid": "^3.3.7",
        "picocolors": "^1.1.0",
        "source-map-js": "^1.2.1"
      },
      "engines": {
        "node": "^10 || ^12 || >=14"
      }
    },
    "node_modules/rollup": {
      "version": "4.24.2",
      "dev": true,
      "license": "MIT",
      "dependencies": {
        "@types/estree": "1.0.6"
      },
      "bin": {
        "rollup": "dist/bin/rollup"
      },
      "engines": {
        "node": ">=18.0.0",
        "npm": ">=8.0.0"
      },
      "optionalDependencies": {
        "@rollup/rollup-android-arm-eabi": "4.24.2",
        "@rollup/rollup-android-arm64": "4.24.2",
        "@rollup/rollup-darwin-arm64": "4.24.2",
        "@rollup/rollup-darwin-x64": "4.24.2",
        "@rollup/rollup-freebsd-arm64": "4.24.2",
        "@rollup/rollup-freebsd-x64": "4.24.2",
        "@rollup/rollup-linux-arm-gnueabihf": "4.24.2",
        "@rollup/rollup-linux-arm-musleabihf": "4.24.2",
        "@rollup/rollup-linux-arm64-gnu": "4.24.2",
        "@rollup/rollup-linux-arm64-musl": "4.24.2",
        "@rollup/rollup-linux-powerpc64le-gnu": "4.24.2",
        "@rollup/rollup-linux-riscv64-gnu": "4.24.2",
        "@rollup/rollup-linux-s390x-gnu": "4.24.2",
        "@rollup/rollup-linux-x64-gnu": "4.24.2",
        "@rollup/rollup-linux-x64-musl": "4.24.2",
        "@rollup/rollup-win32-arm64-msvc": "4.24.2",
        "@rollup/rollup-win32-ia32-msvc": "4.24.2",
        "@rollup/rollup-win32-x64-msvc": "4.24.2",
        "fsevents": "~2.3.2"
      }
    },
    "node_modules/source-map-js": {
      "version": "1.2.1",
      "dev": true,
      "license": "BSD-3-Clause",
      "engines": {
        "node": ">=0.10.0"
      }
    },
    "node_modules/stats.js": {
      "version": "0.17.0",
      "resolved": "https://registry.npmjs.org/stats.js/-/stats.js-0.17.0.tgz",
      "integrity": "sha512-hNKz8phvYLPEcRkeG1rsGmV5ChMjKDAWU7/OJJdDErPBNChQXxCo3WZurGpnWc6gZhAzEPFad1aVgyOANH1sMw==",
      "license": "MIT"
    },
    "node_modules/threepipe": {
      "version": "0.0.33",
      "resolved": "https://registry.npmjs.org/threepipe/-/threepipe-0.0.33.tgz",
      "integrity": "sha512-hzY7kMPSrzWZ1itRHJvYQsNmkKo0zrOjd0M890Nl+LB41CIQq1zgZ2akxU0DokQV116sRa6Ge381OYn+OGnbTQ==",
      "license": "Apache-2.0",
      "dependencies": {
        "@types/three": "https://github.com/repalash/three-ts-types/releases/download/v0.153.1002/package.tgz",
        "@types/webxr": "^0.5.1",
        "@types/wicg-file-system-access": "^2020.9.5",
        "stats.js": "^0.17.0",
        "ts-browser-helpers": "^0.14.2",
        "uiconfig.js": "^0.0.12"
      }
    },
    "node_modules/ts-browser-helpers": {
      "version": "0.14.2",
      "resolved": "https://registry.npmjs.org/ts-browser-helpers/-/ts-browser-helpers-0.14.2.tgz",
      "integrity": "sha512-YAj98YRAl5uKWCBCh4pAHqJK/6tBcstIFa9Z9Q9SQTtzFSKKHo3TVHWdmC/fZxRIhuKthMmDHD5xb+qqb7a9xQ==",
      "license": "MIT",
      "dependencies": {
        "@types/wicg-file-system-access": "^2020.9.5"
      }
    },
    "node_modules/uiconfig.js": {
      "version": "0.0.12",
      "resolved": "https://registry.npmjs.org/uiconfig.js/-/uiconfig.js-0.0.12.tgz",
      "integrity": "sha512-OnEkWuVYHFQRM9s+SYPvDCFG4NbMcR2vOt5JXt6h91P/PbbJVSWeyfo3ka+KqkuXmJe+x2IJUHqAlbv0VgmbhQ==",
      "license": "MIT"
    },
    "node_modules/vite": {
      "version": "5.4.10",
      "dev": true,
      "license": "MIT",
      "dependencies": {
        "esbuild": "^0.21.3",
        "postcss": "^8.4.43",
        "rollup": "^4.20.0"
      },
      "bin": {
        "vite": "bin/vite.js"
      },
      "engines": {
        "node": "^18.0.0 || >=20.0.0"
      },
      "funding": {
        "url": "https://github.com/vitejs/vite?sponsor=1"
      },
      "optionalDependencies": {
        "fsevents": "~2.3.3"
      },
      "peerDependencies": {
        "@types/node": "^18.0.0 || >=20.0.0",
        "less": "*",
        "lightningcss": "^1.21.0",
        "sass": "*",
        "sass-embedded": "*",
        "stylus": "*",
        "sugarss": "*",
        "terser": "^5.4.0"
      },
      "peerDependenciesMeta": {
        "@types/node": {
          "optional": true
        },
        "less": {
          "optional": true
        },
        "lightningcss": {
          "optional": true
        },
        "sass": {
          "optional": true
        },
        "sass-embedded": {
          "optional": true
        },
        "stylus": {
          "optional": true
        },
        "sugarss": {
          "optional": true
        },
        "terser": {
          "optional": true
        }
      }
    },
    "node_modules/vite-plugin-css-injected-by-js": {
      "version": "3.5.2",
      "dev": true,
      "license": "MIT",
      "peerDependencies": {
        "vite": ">2.0.0-0"
      }
    }
  }
}
